{
  "nodes": {
    "nixpkgs": {
      "locked": {
        "lastModified": 1753473540,
        "narHash": "sha256-kaG2a9/6iWiRehjLZLToAlM1zFxRf3s+BOYOurPOmK4=",
        "owner": "nixos",
        "repo": "nixpkgs",
        "rev": "15c2251b2407166a0d7a211af9966a9fe1406cf0",
        "type": "github"
      },
      "original": {
        "owner": "nixos",
        "ref": "nixpkgs-25.05-darwin",
        "repo": "nixpkgs",
        "type": "github"
      }
    },
    "root": {
      "inputs": {
        "nixpkgs": "nixpkgs"
      }
    }
  },
  "root": "root",
  "version": 7
}
