{
  "nodes": {
    "nixpkgs": {
      "locked": {
        "lastModified": 1756543146,
        "narHash": "sha256-iFjXZwjYyqhmeGVLsxfxFWbSsXDIXSJUC6dyEkQFoHo=",
        "owner": "nixos",
        "repo": "nixpkgs",
        "rev": "9c9a90449133bfc2d19feff96c612c28e56d7edd",
        "type": "github"
      },
      "original": {
        "owner": "nixos",
        "ref": "nixpkgs-25.05-darwin",
        "repo": "nixpkgs",
        "type": "github"
      }
    },
    "root": {
      "inputs": {
        "nixpkgs": "nixpkgs"
      }
    }
  },
  "root": "root",
  "version": 7
}
